
Microsoft Visual Studio Solution File, Format Version 12.00
# Visual Studio Version 16
VisualStudioVersion = 16.0.33801.447
MinimumVisualStudioVersion = 10.0.40219.1
Project("{FAE04EC0-301F-11D3-BF4B-00C04F79EFBC}") = "BIMonitor", "BIMonitor.csproj", "{BF851C4E-8ACA-46B0-8D90-362FB0985BD6}"
EndProject
Project("{FAE04EC0-301F-11D3-BF4B-00C04F79EFBC}") = "BIFramework", "..\..\BIFramework\BIFramework\BIFramework.csproj", "{00EBE5AD-138C-4D17-B15F-D9D67D8EC9F0}"
EndProject
Global
	GlobalSection(SolutionConfigurationPlatforms) = preSolution
		Debug|Any CPU = Debug|Any CPU
		Release|Any CPU = Release|Any CPU
	EndGlobalSection
	GlobalSection(ProjectConfigurationPlatforms) = postSolution
		{BF851C4E-8ACA-46B0-8D90-362FB0985BD6}.Debug|Any CPU.ActiveCfg = Debug|Any CPU
		{BF851C4E-8ACA-46B0-8D90-362FB0985BD6}.Debug|Any CPU.Build.0 = Debug|Any CPU
		{BF851C4E-8ACA-46B0-8D90-362FB0985BD6}.Release|Any CPU.ActiveCfg = Release|Any CPU
		{BF851C4E-8ACA-46B0-8D90-362FB0985BD6}.Release|Any CPU.Build.0 = Release|Any CPU
		{00EBE5AD-138C-4D17-B15F-D9D67D8EC9F0}.Debug|Any CPU.ActiveCfg = Debug|Any CPU
		{00EBE5AD-138C-4D17-B15F-D9D67D8EC9F0}.Debug|Any CPU.Build.0 = Debug|Any CPU
		{00EBE5AD-138C-4D17-B15F-D9D67D8EC9F0}.Release|Any CPU.ActiveCfg = Release|Any CPU
		{00EBE5AD-138C-4D17-B15F-D9D67D8EC9F0}.Release|Any CPU.Build.0 = Release|Any CPU
	EndGlobalSection
	GlobalSection(SolutionProperties) = preSolution
		HideSolutionNode = FALSE
	EndGlobalSection
	GlobalSection(ExtensibilityGlobals) = postSolution
		SolutionGuid = {B6D70233-850B-4E2A-B213-20A5D6851B0D}
	EndGlobalSection
EndGlobal
